
Microsoft Visual Studio Solution File, Format Version 12.00
# Visual Studio Version 17
VisualStudioVersion = 17.12.35506.116 d17.12
MinimumVisualStudioVersion = 10.0.40219.1
Project("{9A19103F-16F7-4668-BE54-9A1E7A4F7556}") = "VaraniumSharp", "VaraniumSharp\VaraniumSharp.csproj", "{5588B1FF-936C-48B1-8D35-21D43280F858}"
EndProject
Project("{9A19103F-16F7-4668-BE54-9A1E7A4F7556}") = "VaraniumSharp.Tests", "VaraniumSharp.Tests\VaraniumSharp.Tests.csproj", "{A0EC459A-EC85-4E90-B9E1-029FDDFBDDC9}"
EndProject
Global
	GlobalSection(SolutionConfigurationPlatforms) = preSolution
		Debug|Any CPU = Debug|Any CPU
		Release|Any CPU = Release|Any CPU
	EndGlobalSection
	GlobalSection(ProjectConfigurationPlatforms) = postSolution
		{5588B1FF-936C-48B1-8D35-21D43280F858}.Debug|Any CPU.ActiveCfg = Debug|Any CPU
		{5588B1FF-936C-48B1-8D35-21D43280F858}.Debug|Any CPU.Build.0 = Debug|Any CPU
		{5588B1FF-936C-48B1-8D35-21D43280F858}.Release|Any CPU.ActiveCfg = Release|Any CPU
		{5588B1FF-936C-48B1-8D35-21D43280F858}.Release|Any CPU.Build.0 = Release|Any CPU
		{A0EC459A-EC85-4E90-B9E1-029FDDFBDDC9}.Debug|Any CPU.ActiveCfg = Debug|Any CPU
		{A0EC459A-EC85-4E90-B9E1-029FDDFBDDC9}.Debug|Any CPU.Build.0 = Debug|Any CPU
		{A0EC459A-EC85-4E90-B9E1-029FDDFBDDC9}.Release|Any CPU.ActiveCfg = Release|Any CPU
		{A0EC459A-EC85-4E90-B9E1-029FDDFBDDC9}.Release|Any CPU.Build.0 = Release|Any CPU
	EndGlobalSection
	GlobalSection(SolutionProperties) = preSolution
		HideSolutionNode = FALSE
	EndGlobalSection
	GlobalSection(ExtensibilityGlobals) = postSolution
		SolutionGuid = {FA7E4DE2-644D-48A0-BA38-2D7AE0F6EBC4}
	EndGlobalSection
EndGlobal
